
Microsoft Visual Studio Solution File, Format Version 12.00
# Visual Studio Version 17
VisualStudioVersion = 17.3.32929.385
MinimumVisualStudioVersion = 10.0.40219.1
Project("{FAE04EC0-301F-11D3-BF4B-00C04F79EFBC}") = "chuyennhietdo", "chuyennhietdo.csproj", "{951E21C2-70E7-40AF-B821-82A46D42482B}"
EndProject
Global
	GlobalSection(SolutionConfigurationPlatforms) = preSolution
		Debug|Any CPU = Debug|Any CPU
		Release|Any CPU = Release|Any CPU
	EndGlobalSection
	GlobalSection(ProjectConfigurationPlatforms) = postSolution
		{951E21C2-70E7-40AF-B821-82A46D42482B}.Debug|Any CPU.ActiveCfg = Debug|Any CPU
		{951E21C2-70E7-40AF-B821-82A46D42482B}.Debug|Any CPU.Build.0 = Debug|Any CPU
		{951E21C2-70E7-40AF-B821-82A46D42482B}.Release|Any CPU.ActiveCfg = Release|Any CPU
		{951E21C2-70E7-40AF-B821-82A46D42482B}.Release|Any CPU.Build.0 = Release|Any CPU
	EndGlobalSection
	GlobalSection(SolutionProperties) = preSolution
		HideSolutionNode = FALSE
	EndGlobalSection
	GlobalSection(ExtensibilityGlobals) = postSolution
		SolutionGuid = {672078C9-FE02-4687-98F7-53C2DD91F6B4}
	EndGlobalSection
EndGlobal
